
Microsoft Visual Studio Solution File, Format Version 12.00
# Visual Studio 15
VisualStudioVersion = 15.0.26730.12
MinimumVisualStudioVersion = 10.0.40219.1
Project("{FAE04EC0-301F-11D3-BF4B-00C04F79EFBC}") = "surf_emgu3", "surf_emgu3\surf_emgu3.csproj", "{1682E14C-BB9E-40CD-9D0A-DA487D91979A}"
EndProject
Global
	GlobalSection(SolutionConfigurationPlatforms) = preSolution
		Debug|Any CPU = Debug|Any CPU
		Release|Any CPU = Release|Any CPU
	EndGlobalSection
	GlobalSection(ProjectConfigurationPlatforms) = postSolution
		{1682E14C-BB9E-40CD-9D0A-DA487D91979A}.Debug|Any CPU.ActiveCfg = Debug|Any CPU
		{1682E14C-BB9E-40CD-9D0A-DA487D91979A}.Debug|Any CPU.Build.0 = Debug|Any CPU
		{1682E14C-BB9E-40CD-9D0A-DA487D91979A}.Release|Any CPU.ActiveCfg = Release|Any CPU
		{1682E14C-BB9E-40CD-9D0A-DA487D91979A}.Release|Any CPU.Build.0 = Release|Any CPU
	EndGlobalSection
	GlobalSection(SolutionProperties) = preSolution
		HideSolutionNode = FALSE
	EndGlobalSection
	GlobalSection(ExtensibilityGlobals) = postSolution
		SolutionGuid = {5A439721-60FD-44CC-8657-A4AE2F80D2F4}
	EndGlobalSection
EndGlobal
